
Microsoft Visual Studio Solution File, Format Version 12.00
# Visual Studio Version 16
VisualStudioVersion = 16.0.29230.47
MinimumVisualStudioVersion = 10.0.40219.1
Project("{FAE04EC0-301F-11D3-BF4B-00C04F79EFBC}") = "Week2D2", "Week2D2\Week2D2.csproj", "{0B0AC442-AA43-4882-95C1-A78E65A6D15E}"
EndProject
Global
	GlobalSection(SolutionConfigurationPlatforms) = preSolution
		Debug|Any CPU = Debug|Any CPU
		Release|Any CPU = Release|Any CPU
	EndGlobalSection
	GlobalSection(ProjectConfigurationPlatforms) = postSolution
		{0B0AC442-AA43-4882-95C1-A78E65A6D15E}.Debug|Any CPU.ActiveCfg = Debug|Any CPU
		{0B0AC442-AA43-4882-95C1-A78E65A6D15E}.Debug|Any CPU.Build.0 = Debug|Any CPU
		{0B0AC442-AA43-4882-95C1-A78E65A6D15E}.Release|Any CPU.ActiveCfg = Release|Any CPU
		{0B0AC442-AA43-4882-95C1-A78E65A6D15E}.Release|Any CPU.Build.0 = Release|Any CPU
	EndGlobalSection
	GlobalSection(SolutionProperties) = preSolution
		HideSolutionNode = FALSE
	EndGlobalSection
	GlobalSection(ExtensibilityGlobals) = postSolution
		SolutionGuid = {2D2AD8CD-82F7-4CA9-9C6B-4C9768F1E3CF}
	EndGlobalSection
EndGlobal
